{
  "name": "@pavo-dev/cli",
  "version": "0.1.3",
  "lockfileVersion": 3,
  "requires": true,
  "packages": {
    "": {
      "name": "@pavo-dev/cli",
      "version": "0.1.3",
      "cpu": [
        "x64",
        "arm64"
      ],
      "hasInstallScript": true,
      "license": "MIT",
      "os": [
        "darwin",
        "linux",
        "win32"
      ],
      "bin": {
        "pavo": "scripts/run.js"
      },
      "engines": {
        "node": ">=16"
      }
    }
  }
}
